PODS:
  - KYCircularProgress (1.2.1)

DEPENDENCIES:
  - KYCircularProgress

SPEC REPOS:
  https://github.com/cocoapods/specs.git:
    - KYCircularProgress

SPEC CHECKSUMS:
  KYCircularProgress: caa1a8d1defa2acf05d2f84ea681467fbdb6d353

PODFILE CHECKSUM: 44fd10d0dda6a2b1a6848dbb1ae90b47b7b8d73f

COCOAPODS: 1.6.1
